{
  "packages": {
    "node_modules/a": { "resolved": "https://registry.npmjs.org/a/-/a-1.0.0.tgz" },
    "node_modules/b": { "resolved": "https://registry.npmjs.org/b/-/b-2.0.0.tgz" },
    "node_modules/c": { "resolved": "https://registry.npmjs.org/c/-/c-3.0.0.tgz" },
    "node_modules/d": { "resolved": "http://localhost:4873/d-4.0.0.tgz" },
    "node_modules/e": { "resolved": "https://registry.npmjs.org/e/-/e-5.0.0.tgz" },
    "node_modules/f": { "link": true }
  }
}
