{
  "packages": {
    "node_modules/a": { "resolved": "http://registry.internal/a/-/a-1.0.0.tgz" },
    "node_modules/b": { "resolved": "http://registry.internal/b/-/b-2.0.0.tgz" },
    "node_modules/c": { "resolved": "http://mirror.example.net/c-3.0.0.tgz" },
    "node_modules/d": { "resolved": "http://nexus.example.com/d-4.0.0.tgz" }
  }
}
